
Microsoft Visual Studio Solution File, Format Version 11.00
# Visual Studio 2010
Project("{FAE04EC0-301F-11D3-BF4B-00C04F79EFBC}") = "MSTestExtensions.UnitTests.Base", "Source\MSTestExtensions.UnitTests.Base\MSTestExtensions.UnitTests.Base.csproj", "{6A226BF5-A95F-405A-BC68-BE5E528487CF}"
EndProject
Project("{FAE04EC0-301F-11D3-BF4B-00C04F79EFBC}") = "MSTestExtensions.UnitTests.Impl", "Source\MSTestExtensions.UnitTests.Impl\MSTestExtensions.UnitTests.Impl.csproj", "{CCE1E3BC-16C1-4781-896D-71A53FD0006C}"
EndProject
Project("{FAE04EC0-301F-11D3-BF4B-00C04F79EFBC}") = "MSTestExtensions", "Source\MSTestExtensions\MSTestExtensions.csproj", "{A67A94E9-60F1-4445-B032-8BFB0554B140}"
EndProject
Global
	GlobalSection(SolutionConfigurationPlatforms) = preSolution
		Debug|Any CPU = Debug|Any CPU
		Release|Any CPU = Release|Any CPU
	EndGlobalSection
	GlobalSection(ProjectConfigurationPlatforms) = postSolution
		{6A226BF5-A95F-405A-BC68-BE5E528487CF}.Debug|Any CPU.ActiveCfg = Debug|Any CPU
		{6A226BF5-A95F-405A-BC68-BE5E528487CF}.Debug|Any CPU.Build.0 = Debug|Any CPU
		{6A226BF5-A95F-405A-BC68-BE5E528487CF}.Release|Any CPU.ActiveCfg = Release|Any CPU
		{6A226BF5-A95F-405A-BC68-BE5E528487CF}.Release|Any CPU.Build.0 = Release|Any CPU
		{CCE1E3BC-16C1-4781-896D-71A53FD0006C}.Debug|Any CPU.ActiveCfg = Debug|Any CPU
		{CCE1E3BC-16C1-4781-896D-71A53FD0006C}.Debug|Any CPU.Build.0 = Debug|Any CPU
		{CCE1E3BC-16C1-4781-896D-71A53FD0006C}.Release|Any CPU.ActiveCfg = Release|Any CPU
		{CCE1E3BC-16C1-4781-896D-71A53FD0006C}.Release|Any CPU.Build.0 = Release|Any CPU
		{A67A94E9-60F1-4445-B032-8BFB0554B140}.Debug|Any CPU.ActiveCfg = Debug|Any CPU
		{A67A94E9-60F1-4445-B032-8BFB0554B140}.Debug|Any CPU.Build.0 = Debug|Any CPU
		{A67A94E9-60F1-4445-B032-8BFB0554B140}.Release|Any CPU.ActiveCfg = Release|Any CPU
		{A67A94E9-60F1-4445-B032-8BFB0554B140}.Release|Any CPU.Build.0 = Release|Any CPU
	EndGlobalSection
	GlobalSection(SolutionProperties) = preSolution
		HideSolutionNode = FALSE
	EndGlobalSection
EndGlobal
